Microsoft Visual Studio Solution File, Format Version 12.00
# Visual Studio Version 17
VisualStudioVersion = 17.5.2.0
MinimumVisualStudioVersion = 10.0.40219.1
Project("{FAE04EC0-301F-11D3-BF4B-00C04F79EFBC}") = "MoodTrackerWeb", "MoodTrackerWeb.csproj", "{0DC8C1D1-9725-2839-A9B6-A6B035C77929}"
EndProject
Global
	GlobalSection(SolutionConfigurationPlatforms) = preSolution
		Debug|Any CPU = Debug|Any CPU
		Release|Any CPU = Release|Any CPU
	EndGlobalSection
	GlobalSection(ProjectConfigurationPlatforms) = postSolution
		{0DC8C1D1-9725-2839-A9B6-A6B035C77929}.Debug|Any CPU.ActiveCfg = Debug|Any CPU
		{0DC8C1D1-9725-2839-A9B6-A6B035C77929}.Debug|Any CPU.Build.0 = Debug|Any CPU
		{0DC8C1D1-9725-2839-A9B6-A6B035C77929}.Release|Any CPU.ActiveCfg = Release|Any CPU
		{0DC8C1D1-9725-2839-A9B6-A6B035C77929}.Release|Any CPU.Build.0 = Release|Any CPU
	EndGlobalSection
	GlobalSection(SolutionProperties) = preSolution
		HideSolutionNode = FALSE
	EndGlobalSection
	GlobalSection(ExtensibilityGlobals) = postSolution
		SolutionGuid = {475C3BD8-3C41-485A-B0A5-9DA480D40EA3}
	EndGlobalSection
EndGlobal
